
Microsoft Visual Studio Solution File, Format Version 12.00
# Visual Studio Version 17
VisualStudioVersion = 17.3.32929.385
MinimumVisualStudioVersion = 10.0.40219.1
Project("{FAE04EC0-301F-11D3-BF4B-00C04F79EFBC}") = "app", "app\app.csproj", "{5F785128-E658-4912-98DC-98B7739FE13E}"
EndProject
Global
	GlobalSection(SolutionConfigurationPlatforms) = preSolution
		Debug|Any CPU = Debug|Any CPU
		Release|Any CPU = Release|Any CPU
	EndGlobalSection
	GlobalSection(ProjectConfigurationPlatforms) = postSolution
		{5F785128-E658-4912-98DC-98B7739FE13E}.Debug|Any CPU.ActiveCfg = Debug|Any CPU
		{5F785128-E658-4912-98DC-98B7739FE13E}.Debug|Any CPU.Build.0 = Debug|Any CPU
		{5F785128-E658-4912-98DC-98B7739FE13E}.Release|Any CPU.ActiveCfg = Release|Any CPU
		{5F785128-E658-4912-98DC-98B7739FE13E}.Release|Any CPU.Build.0 = Release|Any CPU
	EndGlobalSection
	GlobalSection(SolutionProperties) = preSolution
		HideSolutionNode = FALSE
	EndGlobalSection
	GlobalSection(ExtensibilityGlobals) = postSolution
		SolutionGuid = {EE79C2A3-E758-4D9C-9728-29379B6325A9}
	EndGlobalSection
EndGlobal
